
Microsoft Visual Studio Solution File, Format Version 12.00
# Visual Studio 15
VisualStudioVersion = 15.0.26430.4
MinimumVisualStudioVersion = 10.0.40219.1
Project("{FAE04EC0-301F-11D3-BF4B-00C04F79EFBC}") = "Web.Needsa", "Web.Needsa\Web.Needsa.csproj", "{C8A3DFD5-0FCE-42BC-8E0C-E45AA6C1AB2B}"
EndProject
Project("{2150E333-8FDC-42A3-9474-1A3956D46DE8}") = "stuff", "stuff", "{C6415EB6-A0E0-4DCB-86A2-C96288DFDECA}"
	ProjectSection(SolutionItems) = preProject
		.vs\config\applicationhost.config = .vs\config\applicationhost.config
	EndProjectSection
EndProject
Global
	GlobalSection(SolutionConfigurationPlatforms) = preSolution
		Debug|Any CPU = Debug|Any CPU
		Release|Any CPU = Release|Any CPU
	EndGlobalSection
	GlobalSection(ProjectConfigurationPlatforms) = postSolution
		{C8A3DFD5-0FCE-42BC-8E0C-E45AA6C1AB2B}.Debug|Any CPU.ActiveCfg = Debug|Any CPU
		{C8A3DFD5-0FCE-42BC-8E0C-E45AA6C1AB2B}.Debug|Any CPU.Build.0 = Debug|Any CPU
		{C8A3DFD5-0FCE-42BC-8E0C-E45AA6C1AB2B}.Release|Any CPU.ActiveCfg = Release|Any CPU
		{C8A3DFD5-0FCE-42BC-8E0C-E45AA6C1AB2B}.Release|Any CPU.Build.0 = Release|Any CPU
	EndGlobalSection
	GlobalSection(SolutionProperties) = preSolution
		HideSolutionNode = FALSE
	EndGlobalSection
EndGlobal
